// !$*UTF8*$!
{
	archiveVersion = 1;
	classes = {
	};
	objectVersion = 55;
	objects = {

/* Begin PBXBuildFile section */
		8335B8F3273D66A4003804D9 /* AppDelegate.swift in Sources */ = {isa = PBXBuildFile; fileRef = 8335B8F2273D66A4003804D9 /* AppDelegate.swift */; };
		8335B8F5273D66A4003804D9 /* SceneDelegate.swift in Sources */ = {isa = PBXBuildFile; fileRef = 8335B8F4273D66A4003804D9 /* SceneDelegate.swift */; };
		8335B8F7273D66A4003804D9 /* MainVC.swift in Sources */ = {isa = PBXBuildFile; fileRef = 8335B8F6273D66A4003804D9 /* MainVC.swift */; };
		8335B8FA273D66A4003804D9 /* Main.storyboard in Resources */ = {isa = PBXBuildFile; fileRef = 8335B8F8273D66A4003804D9 /* Main.storyboard */; };
		8335B8FD273D66A4003804D9 /* FizzBuzz.xcdatamodeld in Sources */ = {isa = PBXBuildFile; fileRef = 8335B8FB273D66A4003804D9 /* FizzBuzz.xcdatamodeld */; };
		8335B8FF273D66AB003804D9 /* Assets.xcassets in Resources */ = {isa = PBXBuildFile; fileRef = 8335B8FE273D66AB003804D9 /* Assets.xcassets */; };
		8335B902273D66AB003804D9 /* LaunchScreen.storyboard in Resources */ = {isa = PBXBuildFile; fileRef = 8335B900273D66AB003804D9 /* LaunchScreen.storyboard */; };
		8335B90D273D66AB003804D9 /* FizzBuzzTests.swift in Sources */ = {isa = PBXBuildFile; fileRef = 8335B90C273D66AB003804D9 /* FizzBuzzTests.swift */; };
		8335B917273D66AC003804D9 /* FizzBuzzUITests.swift in Sources */ = {isa = PBXBuildFile; fileRef = 8335B916273D66AC003804D9 /* FizzBuzzUITests.swift */; };
		8335B919273D66AC003804D9 /* FizzBuzzUITestsLaunchTests.swift in Sources */ = {isa = PBXBuildFile; fileRef = 8335B918273D66AC003804D9 /* FizzBuzzUITestsLaunchTests.swift */; };
		8335B926273D6B02003804D9 /* MainHeader.swift in Sources */ = {isa = PBXBuildFile; fileRef = 8335B925273D6B02003804D9 /* MainHeader.swift */; };
		8335B928273DA9AC003804D9 /* JNTextField.swift in Sources */ = {isa = PBXBuildFile; fileRef = 8335B927273DA9AC003804D9 /* JNTextField.swift */; };
		8335B92C273DD63B003804D9 /* JNButton.swift in Sources */ = {isa = PBXBuildFile; fileRef = 8335B92B273DD63B003804D9 /* JNButton.swift */; };
/* End PBXBuildFile section */

/* Begin PBXContainerItemProxy section */
		8335B909273D66AB003804D9 /* PBXContainerItemProxy */ = {
			isa = PBXContainerItemProxy;
			containerPortal = 8335B8E7273D66A4003804D9 /* Project object */;
			proxyType = 1;
			remoteGlobalIDString = 8335B8EE273D66A4003804D9;
			remoteInfo = FizzBuzz;
		};
		8335B913273D66AC003804D9 /* PBXContainerItemProxy */ = {
			isa = PBXContainerItemProxy;
			containerPortal = 8335B8E7273D66A4003804D9 /* Project object */;
			proxyType = 1;
			remoteGlobalIDString = 8335B8EE273D66A4003804D9;
			remoteInfo = FizzBuzz;
		};
/* End PBXContainerItemProxy section */

/* Begin PBXFileReference section */
		8335B8EF273D66A4003804D9 /* FizzBuzz.app */ = {isa = PBXFileReference; explicitFileType = wrapper.application; includeInIndex = 0; path = FizzBuzz.app; sourceTree = BUILT_PRODUCTS_DIR; };
		8335B8F2273D66A4003804D9 /* AppDelegate.swift */ = {isa = PBXFileReference; lastKnownFileType = sourcecode.swift; path = AppDelegate.swift; sourceTree = "<group>"; };
		8335B8F4273D66A4003804D9 /* SceneDelegate.swift */ = {isa = PBXFileReference; lastKnownFileType = sourcecode.swift; path = SceneDelegate.swift; sourceTree = "<group>"; };
		8335B8F6273D66A4003804D9 /* MainVC.swift */ = {isa = PBXFileReference; lastKnownFileType = sourcecode.swift; path = MainVC.swift; sourceTree = "<group>"; };
		8335B8F9273D66A4003804D9 /* Base */ = {isa = PBXFileReference; lastKnownFileType = file.storyboard; name = Base; path = Base.lproj/Main.storyboard; sourceTree = "<group>"; };
		8335B8FC273D66A4003804D9 /* FizzBuzz.xcdatamodel */ = {isa = PBXFileReference; lastKnownFileType = wrapper.xcdatamodel; path = FizzBuzz.xcdatamodel; sourceTree = "<group>"; };
		8335B8FE273D66AB003804D9 /* Assets.xcassets */ = {isa = PBXFileReference; lastKnownFileType = folder.assetcatalog; path = Assets.xcassets; sourceTree = "<group>"; };
		8335B901273D66AB003804D9 /* Base */ = {isa = PBXFileReference; lastKnownFileType = file.storyboard; name = Base; path = Base.lproj/LaunchScreen.storyboard; sourceTree = "<group>"; };
		8335B903273D66AB003804D9 /* Info.plist */ = {isa = PBXFileReference; lastKnownFileType = text.plist.xml; path = Info.plist; sourceTree = "<group>"; };
		8335B908273D66AB003804D9 /* FizzBuzzTests.xctest */ = {isa = PBXFileReference; explicitFileType = wrapper.cfbundle; includeInIndex = 0; path = FizzBuzzTests.xctest; sourceTree = BUILT_PRODUCTS_DIR; };
		8335B90C273D66AB003804D9 /* FizzBuzzTests.swift */ = {isa = PBXFileReference; lastKnownFileType = sourcecode.swift; path = FizzBuzzTests.swift; sourceTree = "<group>"; };
		8335B912273D66AC003804D9 /* FizzBuzzUITests.xctest */ = {isa = PBXFileReference; explicitFileType = wrapper.cfbundle; includeInIndex = 0; path = FizzBuzzUITests.xctest; sourceTree = BUILT_PRODUCTS_DIR; };
		8335B916273D66AC003804D9 /* FizzBuzzUITests.swift */ = {isa = PBXFileReference; lastKnownFileType = sourcecode.swift; path = FizzBuzzUITests.swift; sourceTree = "<group>"; };
		8335B918273D66AC003804D9 /* FizzBuzzUITestsLaunchTests.swift */ = {isa = PBXFileReference; lastKnownFileType = sourcecode.swift; path = FizzBuzzUITestsLaunchTests.swift; sourceTree = "<group>"; };
		8335B925273D6B02003804D9 /* MainHeader.swift */ = {isa = PBXFileReference; lastKnownFileType = sourcecode.swift; path = MainHeader.swift; sourceTree = "<group>"; };
		8335B927273DA9AC003804D9 /* JNTextField.swift */ = {isa = PBXFileReference; lastKnownFileType = sourcecode.swift; path = JNTextField.swift; sourceTree = "<group>"; };
		8335B92B273DD63B003804D9 /* JNButton.swift */ = {isa = PBXFileReference; lastKnownFileType = sourcecode.swift; path = JNButton.swift; sourceTree = "<group>"; };
/* End PBXFileReference section */

/* Begin PBXFrameworksBuildPhase section */
		8335B8EC273D66A4003804D9 /* Frameworks */ = {
			isa = PBXFrameworksBuildPhase;
			buildActionMask = 2147483647;
			files = (
			);
			runOnlyForDeploymentPostprocessing = 0;
		};
		8335B905273D66AB003804D9 /* Frameworks */ = {
			isa = PBXFrameworksBuildPhase;
			buildActionMask = 2147483647;
			files = (
			);
			runOnlyForDeploymentPostprocessing = 0;
		};
		8335B90F273D66AC003804D9 /* Frameworks */ = {
			isa = PBXFrameworksBuildPhase;
			buildActionMask = 2147483647;
			files = (
			);
			runOnlyForDeploymentPostprocessing = 0;
		};
/* End PBXFrameworksBuildPhase section */

/* Begin PBXGroup section */
		8335B8E6273D66A4003804D9 = {
			isa = PBXGroup;
			children = (
				8335B8F1273D66A4003804D9 /* FizzBuzz */,
				8335B90B273D66AB003804D9 /* FizzBuzzTests */,
				8335B915273D66AC003804D9 /* FizzBuzzUITests */,
				8335B8F0273D66A4003804D9 /* Products */,
			);
			sourceTree = "<group>";
		};
		8335B8F0273D66A4003804D9 /* Products */ = {
			isa = PBXGroup;
			children = (
				8335B8EF273D66A4003804D9 /* FizzBuzz.app */,
				8335B908273D66AB003804D9 /* FizzBuzzTests.xctest */,
				8335B912273D66AC003804D9 /* FizzBuzzUITests.xctest */,
			);
			name = Products;
			sourceTree = "<group>";
		};
		8335B8F1273D66A4003804D9 /* FizzBuzz */ = {
			isa = PBXGroup;
			children = (
				8335B8F2273D66A4003804D9 /* AppDelegate.swift */,
				8335B8F4273D66A4003804D9 /* SceneDelegate.swift */,
				8335B8F6273D66A4003804D9 /* MainVC.swift */,
				8335B925273D6B02003804D9 /* MainHeader.swift */,
				8335B927273DA9AC003804D9 /* JNTextField.swift */,
				8335B92B273DD63B003804D9 /* JNButton.swift */,
				8335B8F8273D66A4003804D9 /* Main.storyboard */,
				8335B8FE273D66AB003804D9 /* Assets.xcassets */,
				8335B900273D66AB003804D9 /* LaunchScreen.storyboard */,
				8335B903273D66AB003804D9 /* Info.plist */,
				8335B8FB273D66A4003804D9 /* FizzBuzz.xcdatamodeld */,
			);
			path = FizzBuzz;
			sourceTree = "<group>";
		};
		8335B90B273D66AB003804D9 /* FizzBuzzTests */ = {
			isa = PBXGroup;
			children = (
				8335B90C273D66AB003804D9 /* FizzBuzzTests.swift */,
			);
			path = FizzBuzzTests;
			sourceTree = "<group>";
		};
		8335B915273D66AC003804D9 /* FizzBuzzUITests */ = {
			isa = PBXGroup;
			children = (
				8335B916273D66AC003804D9 /* FizzBuzzUITests.swift */,
				8335B918273D66AC003804D9 /* FizzBuzzUITestsLaunchTests.swift */,
			);
			path = FizzBuzzUITests;
			sourceTree = "<group>";
		};
/* End PBXGroup section */

/* Begin PBXNativeTarget section */
		8335B8EE273D66A4003804D9 /* FizzBuzz */ = {
			isa = PBXNativeTarget;
			buildConfigurationList = 8335B91C273D66AC003804D9 /* Build configuration list for PBXNativeTarget "FizzBuzz" */;
			buildPhases = (
				8335B8EB273D66A4003804D9 /* Sources */,
				8335B8EC273D66A4003804D9 /* Frameworks */,
				8335B8ED273D66A4003804D9 /* Resources */,
			);
			buildRules = (
			);
			dependencies = (
			);
			name = FizzBuzz;
			productName = FizzBuzz;
			productReference = 8335B8EF273D66A4003804D9 /* FizzBuzz.app */;
			productType = "com.apple.product-type.application";
		};
		8335B907273D66AB003804D9 /* FizzBuzzTests */ = {
			isa = PBXNativeTarget;
			buildConfigurationList = 8335B91F273D66AC003804D9 /* Build configuration list for PBXNativeTarget "FizzBuzzTests" */;
			buildPhases = (
				8335B904273D66AB003804D9 /* Sources */,
				8335B905273D66AB003804D9 /* Frameworks */,
				8335B906273D66AB003804D9 /* Resources */,
			);
			buildRules = (
			);
			dependencies = (
				8335B90A273D66AB003804D9 /* PBXTargetDependency */,
			);
			name = FizzBuzzTests;
			productName = FizzBuzzTests;
			productReference = 8335B908273D66AB003804D9 /* FizzBuzzTests.xctest */;
			productType = "com.apple.product-type.bundle.unit-test";
		};
		8335B911273D66AC003804D9 /* FizzBuzzUITests */ = {
			isa = PBXNativeTarget;
			buildConfigurationList = 8335B922273D66AC003804D9 /* Build configuration list for PBXNativeTarget "FizzBuzzUITests" */;
			buildPhases = (
				8335B90E273D66AC003804D9 /* Sources */,
				8335B90F273D66AC003804D9 /* Frameworks */,
				8335B910273D66AC003804D9 /* Resources */,
			);
			buildRules = (
			);
			dependencies = (
				8335B914273D66AC003804D9 /* PBXTargetDependency */,
			);
			name = FizzBuzzUITests;
			productName = FizzBuzzUITests;
			productReference = 8335B912273D66AC003804D9 /* FizzBuzzUITests.xctest */;
			productType = "com.apple.product-type.bundle.ui-testing";
		};
/* End PBXNativeTarget section */

/* Begin PBXProject section */
		8335B8E7273D66A4003804D9 /* Project object */ = {
			isa = PBXProject;
			attributes = {
				BuildIndependentTargetsInParallel = 1;
				LastSwiftUpdateCheck = 1310;
				LastUpgradeCheck = 1310;
				TargetAttributes = {
					8335B8EE273D66A4003804D9 = {
						CreatedOnToolsVersion = 13.1;
					};
					8335B907273D66AB003804D9 = {
						CreatedOnToolsVersion = 13.1;
						TestTargetID = 8335B8EE273D66A4003804D9;
					};
					8335B911273D66AC003804D9 = {
						CreatedOnToolsVersion = 13.1;
						TestTargetID = 8335B8EE273D66A4003804D9;
					};
				};
			};
			buildConfigurationList = 8335B8EA273D66A4003804D9 /* Build configuration list for PBXProject "FizzBuzz" */;
			compatibilityVersion = "Xcode 13.0";
			developmentRegion = en;
			hasScannedForEncodings = 0;
			knownRegions = (
				en,
				Base,
			);
			mainGroup = 8335B8E6273D66A4003804D9;
			productRefGroup = 8335B8F0273D66A4003804D9 /* Products */;
			projectDirPath = "";
			projectRoot = "";
			targets = (
				8335B8EE273D66A4003804D9 /* FizzBuzz */,
				8335B907273D66AB003804D9 /* FizzBuzzTests */,
				8335B911273D66AC003804D9 /* FizzBuzzUITests */,
			);
		};
/* End PBXProject section */

/* Begin PBXResourcesBuildPhase section */
		8335B8ED273D66A4003804D9 /* Resources */ = {
			isa = PBXResourcesBuildPhase;
			buildActionMask = 2147483647;
			files = (
				8335B902273D66AB003804D9 /* LaunchScreen.storyboard in Resources */,
				8335B8FF273D66AB003804D9 /* Assets.xcassets in Resources */,
				8335B8FA273D66A4003804D9 /* Main.storyboard in Resources */,
			);
			runOnlyForDeploymentPostprocessing = 0;
		};
		8335B906273D66AB003804D9 /* Resources */ = {
			isa = PBXResourcesBuildPhase;
			buildActionMask = 2147483647;
			files = (
			);
			runOnlyForDeploymentPostprocessing = 0;
		};
		8335B910273D66AC003804D9 /* Resources */ = {
			isa = PBXResourcesBuildPhase;
			buildActionMask = 2147483647;
			files = (
			);
			runOnlyForDeploymentPostprocessing = 0;
		};
/* End PBXResourcesBuildPhase section */

/* Begin PBXSourcesBuildPhase section */
		8335B8EB273D66A4003804D9 /* Sources */ = {
			isa = PBXSourcesBuildPhase;
			buildActionMask = 2147483647;
			files = (
				8335B926273D6B02003804D9 /* MainHeader.swift in Sources */,
				8335B8F7273D66A4003804D9 /* MainVC.swift in Sources */,
				8335B92C273DD63B003804D9 /* JNButton.swift in Sources */,
				8335B8F3273D66A4003804D9 /* AppDelegate.swift in Sources */,
				8335B8F5273D66A4003804D9 /* SceneDelegate.swift in Sources */,
				8335B8FD273D66A4003804D9 /* FizzBuzz.xcdatamodeld in Sources */,
				8335B928273DA9AC003804D9 /* JNTextField.swift in Sources */,
			);
			runOnlyForDeploymentPostprocessing = 0;
		};
		8335B904273D66AB003804D9 /* Sources */ = {
			isa = PBXSourcesBuildPhase;
			buildActionMask = 2147483647;
			files = (
				8335B90D273D66AB003804D9 /* FizzBuzzTests.swift in Sources */,
			);
			runOnlyForDeploymentPostprocessing = 0;
		};
		8335B90E273D66AC003804D9 /* Sources */ = {
			isa = PBXSourcesBuildPhase;
			buildActionMask = 2147483647;
			files = (
				8335B919273D66AC003804D9 /* FizzBuzzUITestsLaunchTests.swift in Sources */,
				8335B917273D66AC003804D9 /* FizzBuzzUITests.swift in Sources */,
			);
			runOnlyForDeploymentPostprocessing = 0;
		};
/* End PBXSourcesBuildPhase section */

/* Begin PBXTargetDependency section */
		8335B90A273D66AB003804D9 /* PBXTargetDependency */ = {
			isa = PBXTargetDependency;
			target = 8335B8EE273D66A4003804D9 /* FizzBuzz */;
			targetProxy = 8335B909273D66AB003804D9 /* PBXContainerItemProxy */;
		};
		8335B914273D66AC003804D9 /* PBXTargetDependency */ = {
			isa = PBXTargetDependency;
			target = 8335B8EE273D66A4003804D9 /* FizzBuzz */;
			targetProxy = 8335B913273D66AC003804D9 /* PBXContainerItemProxy */;
		};
/* End PBXTargetDependency section */

/* Begin PBXVariantGroup section */
		8335B8F8273D66A4003804D9 /* Main.storyboard */ = {
			isa = PBXVariantGroup;
			children = (
				8335B8F9273D66A4003804D9 /* Base */,
			);
			name = Main.storyboard;
			sourceTree = "<group>";
		};
		8335B900273D66AB003804D9 /* LaunchScreen.storyboard */ = {
			isa = PBXVariantGroup;
			children = (
				8335B901273D66AB003804D9 /* Base */,
			);
			name = LaunchScreen.storyboard;
			sourceTree = "<group>";
		};
/* End PBXVariantGroup section */

/* Begin XCBuildConfiguration section */
		8335B91A273D66AC003804D9 /* Debug */ = {
			isa = XCBuildConfiguration;
			buildSettings = {
				ALWAYS_SEARCH_USER_PATHS = NO;
				CLANG_ANALYZER_NONNULL = YES;
				CLANG_ANALYZER_NUMBER_OBJECT_CONVERSION = YES_AGGRESSIVE;
				CLANG_CXX_LANGUAGE_STANDARD = "gnu++17";
				CLANG_CXX_LIBRARY = "libc++";
				CLANG_ENABLE_MODULES = YES;
				CLANG_ENABLE_OBJC_ARC = YES;
				CLANG_ENABLE_OBJC_WEAK = YES;
				CLANG_WARN_BLOCK_CAPTURE_AUTORELEASING = YES;
				CLANG_WARN_BOOL_CONVERSION = YES;
				CLANG_WARN_COMMA = YES;
				CLANG_WARN_CONSTANT_CONVERSION = YES;
				CLANG_WARN_DEPRECATED_OBJC_IMPLEMENTATIONS = YES;
				CLANG_WARN_DIRECT_OBJC_ISA_USAGE = YES_ERROR;
				CLANG_WARN_DOCUMENTATION_COMMENTS = YES;
				CLANG_WARN_EMPTY_BODY = YES;
				CLANG_WARN_ENUM_CONVERSION = YES;
				CLANG_WARN_INFINITE_RECURSION = YES;
				CLANG_WARN_INT_CONVERSION = YES;
				CLANG_WARN_NON_LITERAL_NULL_CONVERSION = YES;
				CLANG_WARN_OBJC_IMPLICIT_RETAIN_SELF = YES;
				CLANG_WARN_OBJC_LITERAL_CONVERSION = YES;
				CLANG_WARN_OBJC_ROOT_CLASS = YES_ERROR;
				CLANG_WARN_QUOTED_INCLUDE_IN_FRAMEWORK_HEADER = YES;
				CLANG_WARN_RANGE_LOOP_ANALYSIS = YES;
				CLANG_WARN_STRICT_PROTOTYPES = YES;
				CLANG_WARN_SUSPICIOUS_MOVE = YES;
				CLANG_WARN_UNGUARDED_AVAILABILITY = YES_AGGRESSIVE;
				CLANG_WARN_UNREACHABLE_CODE = YES;
				CLANG_WARN__DUPLICATE_METHOD_MATCH = YES;
				COPY_PHASE_STRIP = NO;
				DEBUG_INFORMATION_FORMAT = dwarf;
				ENABLE_STRICT_OBJC_MSGSEND = YES;
				ENABLE_TESTABILITY = YES;
				GCC_C_LANGUAGE_STANDARD = gnu11;
				GCC_DYNAMIC_NO_PIC = NO;
				GCC_NO_COMMON_BLOCKS = YES;
				GCC_OPTIMIZATION_LEVEL = 0;
				GCC_PREPROCESSOR_DEFINITIONS = (
					"DEBUG=1",
					"$(inherited)",
				);
				GCC_WARN_64_TO_32_BIT_CONVERSION = YES;
				GCC_WARN_ABOUT_RETURN_TYPE = YES_ERROR;
				GCC_WARN_UNDECLARED_SELECTOR = YES;
				GCC_WARN_UNINITIALIZED_AUTOS = YES_AGGRESSIVE;
				GCC_WARN_UNUSED_FUNCTION = YES;
				GCC_WARN_UNUSED_VARIABLE = YES;
				IPHONEOS_DEPLOYMENT_TARGET = 15.0;
				MTL_ENABLE_DEBUG_INFO = INCLUDE_SOURCE;
				MTL_FAST_MATH = YES;
				ONLY_ACTIVE_ARCH = YES;
				SDKROOT = iphoneos;
				SWIFT_ACTIVE_COMPILATION_CONDITIONS = DEBUG;
				SWIFT_OPTIMIZATION_LEVEL = "-Onone";
			};
			name = Debug;
		};
		8335B91B273D66AC003804D9 /* Release */ = {
			isa = XCBuildConfiguration;
			buildSettings = {
				ALWAYS_SEARCH_USER_PATHS = NO;
				CLANG_ANALYZER_NONNULL = YES;
				CLANG_ANALYZER_NUMBER_OBJECT_CONVERSION = YES_AGGRESSIVE;
				CLANG_CXX_LANGUAGE_STANDARD = "gnu++17";
				CLANG_CXX_LIBRARY = "libc++";
				CLANG_ENABLE_MODULES = YES;
				CLANG_ENABLE_OBJC_ARC = YES;
				CLANG_ENABLE_OBJC_WEAK = YES;
				CLANG_WARN_BLOCK_CAPTURE_AUTORELEASING = YES;
				CLANG_WARN_BOOL_CONVERSION = YES;
				CLANG_WARN_COMMA = YES;
				CLANG_WARN_CONSTANT_CONVERSION = YES;
				CLANG_WARN_DEPRECATED_OBJC_IMPLEMENTATIONS = YES;
				CLANG_WARN_DIRECT_OBJC_ISA_USAGE = YES_ERROR;
				CLANG_WARN_DOCUMENTATION_COMMENTS = YES;
				CLANG_WARN_EMPTY_BODY = YES;
				CLANG_WARN_ENUM_CONVERSION = YES;
				CLANG_WARN_INFINITE_RECURSION = YES;
				CLANG_WARN_INT_CONVERSION = YES;
				CLANG_WARN_NON_LITERAL_NULL_CONVERSION = YES;
				CLANG_WARN_OBJC_IMPLICIT_RETAIN_SELF = YES;
				CLANG_WARN_OBJC_LITERAL_CONVERSION = YES;
				CLANG_WARN_OBJC_ROOT_CLASS = YES_ERROR;
				CLANG_WARN_QUOTED_INCLUDE_IN_FRAMEWORK_HEADER = YES;
				CLANG_WARN_RANGE_LOOP_ANALYSIS = YES;
				CLANG_WARN_STRICT_PROTOTYPES = YES;
				CLANG_WARN_SUSPICIOUS_MOVE = YES;
				CLANG_WARN_UNGUARDED_AVAILABILITY = YES_AGGRESSIVE;
				CLANG_WARN_UNREACHABLE_CODE = YES;
				CLANG_WARN__DUPLICATE_METHOD_MATCH = YES;
				COPY_PHASE_STRIP = NO;
				DEBUG_INFORMATION_FORMAT = "dwarf-with-dsym";
				ENABLE_NS_ASSERTIONS = NO;
				ENABLE_STRICT_OBJC_MSGSEND = YES;
				GCC_C_LANGUAGE_STANDARD = gnu11;
				GCC_NO_COMMON_BLOCKS = YES;
				GCC_WARN_64_TO_32_BIT_CONVERSION = YES;
				GCC_WARN_ABOUT_RETURN_TYPE = YES_ERROR;
				GCC_WARN_UNDECLARED_SELECTOR = YES;
				GCC_WARN_UNINITIALIZED_AUTOS = YES_AGGRESSIVE;
				GCC_WARN_UNUSED_FUNCTION = YES;
				GCC_WARN_UNUSED_VARIABLE = YES;
				IPHONEOS_DEPLOYMENT_TARGET = 15.0;
				MTL_ENABLE_DEBUG_INFO = NO;
				MTL_FAST_MATH = YES;
				SDKROOT = iphoneos;
				SWIFT_COMPILATION_MODE = wholemodule;
				SWIFT_OPTIMIZATION_LEVEL = "-O";
				VALIDATE_PRODUCT = YES;
			};
			name = Release;
		};
		8335B91D273D66AC003804D9 /* Debug */ = {
			isa = XCBuildConfiguration;
			buildSettings = {
				ASSETCATALOG_COMPILER_APPICON_NAME = AppIcon;
				ASSETCATALOG_COMPILER_GLOBAL_ACCENT_COLOR_NAME = AccentColor;
				CODE_SIGN_STYLE = Automatic;
				CURRENT_PROJECT_VERSION = 1;
				DEVELOPMENT_TEAM = A9V65KAR5C;
				GENERATE_INFOPLIST_FILE = YES;
				INFOPLIST_FILE = FizzBuzz/Info.plist;
				INFOPLIST_KEY_UIApplicationSupportsIndirectInputEvents = YES;
				INFOPLIST_KEY_UILaunchStoryboardName = LaunchScreen;
				INFOPLIST_KEY_UIMainStoryboardFile = Main;
				INFOPLIST_KEY_UISupportedInterfaceOrientations_iPad = "UIInterfaceOrientationPortrait UIInterfaceOrientationPortraitUpsideDown UIInterfaceOrientationLandscapeLeft UIInterfaceOrientationLandscapeRight";
				INFOPLIST_KEY_UISupportedInterfaceOrientations_iPhone = "UIInterfaceOrientationPortrait UIInterfaceOrientationLandscapeLeft UIInterfaceOrientationLandscapeRight";
				LD_RUNPATH_SEARCH_PATHS = (
					"$(inherited)",
					"@executable_path/Frameworks",
				);
				MARKETING_VERSION = 1.0;
				PRODUCT_BUNDLE_IDENTIFIER = Jona.FizzBuzz;
				PRODUCT_NAME = "$(TARGET_NAME)";
				SWIFT_EMIT_LOC_STRINGS = YES;
				SWIFT_VERSION = 5.0;
				TARGETED_DEVICE_FAMILY = "1,2";
			};
			name = Debug;
		};
		8335B91E273D66AC003804D9 /* Release */ = {
			isa = XCBuildConfiguration;
			buildSettings = {
				ASSETCATALOG_COMPILER_APPICON_NAME = AppIcon;
				ASSETCATALOG_COMPILER_GLOBAL_ACCENT_COLOR_NAME = AccentColor;
				CODE_SIGN_STYLE = Automatic;
				CURRENT_PROJECT_VERSION = 1;
				DEVELOPMENT_TEAM = A9V65KAR5C;
				GENERATE_INFOPLIST_FILE = YES;
				INFOPLIST_FILE = FizzBuzz/Info.plist;
				INFOPLIST_KEY_UIApplicationSupportsIndirectInputEvents = YES;
				INFOPLIST_KEY_UILaunchStoryboardName = LaunchScreen;
				INFOPLIST_KEY_UIMainStoryboardFile = Main;
				INFOPLIST_KEY_UISupportedInterfaceOrientations_iPad = "UIInterfaceOrientationPortrait UIInterfaceOrientationPortraitUpsideDown UIInterfaceOrientationLandscapeLeft UIInterfaceOrientationLandscapeRight";
				INFOPLIST_KEY_UISupportedInterfaceOrientations_iPhone = "UIInterfaceOrientationPortrait UIInterfaceOrientationLandscapeLeft UIInterfaceOrientationLandscapeRight";
				LD_RUNPATH_SEARCH_PATHS = (
					"$(inherited)",
					"@executable_path/Frameworks",
				);
				MARKETING_VERSION = 1.0;
				PRODUCT_BUNDLE_IDENTIFIER = Jona.FizzBuzz;
				PRODUCT_NAME = "$(TARGET_NAME)";
				SWIFT_EMIT_LOC_STRINGS = YES;
				SWIFT_VERSION = 5.0;
				TARGETED_DEVICE_FAMILY = "1,2";
			};
			name = Release;
		};
		8335B920273D66AC003804D9 /* Debug */ = {
			isa = XCBuildConfiguration;
			buildSettings = {
				ALWAYS_EMBED_SWIFT_STANDARD_LIBRARIES = YES;
				BUNDLE_LOADER = "$(TEST_HOST)";
				CODE_SIGN_STYLE = Automatic;
				CURRENT_PROJECT_VERSION = 1;
				DEVELOPMENT_TEAM = A9V65KAR5C;
				GENERATE_INFOPLIST_FILE = YES;
				IPHONEOS_DEPLOYMENT_TARGET = 15.0;
				LD_RUNPATH_SEARCH_PATHS = (
					"$(inherited)",
					"@executable_path/Frameworks",
					"@loader_path/Frameworks",
				);
				MARKETING_VERSION = 1.0;
				PRODUCT_BUNDLE_IDENTIFIER = Jona.FizzBuzzTests;
				PRODUCT_NAME = "$(TARGET_NAME)";
				SWIFT_EMIT_LOC_STRINGS = NO;
				SWIFT_VERSION = 5.0;
				TARGETED_DEVICE_FAMILY = "1,2";
				TEST_HOST = "$(BUILT_PRODUCTS_DIR)/FizzBuzz.app/FizzBuzz";
			};
			name = Debug;
		};
		8335B921273D66AC003804D9 /* Release */ = {
			isa = XCBuildConfiguration;
			buildSettings = {
				ALWAYS_EMBED_SWIFT_STANDARD_LIBRARIES = YES;
				BUNDLE_LOADER = "$(TEST_HOST)";
				CODE_SIGN_STYLE = Automatic;
				CURRENT_PROJECT_VERSION = 1;
				DEVELOPMENT_TEAM = A9V65KAR5C;
				GENERATE_INFOPLIST_FILE = YES;
				IPHONEOS_DEPLOYMENT_TARGET = 15.0;
				LD_RUNPATH_SEARCH_PATHS = (
					"$(inherited)",
					"@executable_path/Frameworks",
					"@loader_path/Frameworks",
				);
				MARKETING_VERSION = 1.0;
				PRODUCT_BUNDLE_IDENTIFIER = Jona.FizzBuzzTests;
				PRODUCT_NAME = "$(TARGET_NAME)";
				SWIFT_EMIT_LOC_STRINGS = NO;
				SWIFT_VERSION = 5.0;
				TARGETED_DEVICE_FAMILY = "1,2";
				TEST_HOST = "$(BUILT_PRODUCTS_DIR)/FizzBuzz.app/FizzBuzz";
			};
			name = Release;
		};
		8335B923273D66AC003804D9 /* Debug */ = {
			isa = XCBuildConfiguration;
			buildSettings = {
				ALWAYS_EMBED_SWIFT_STANDARD_LIBRARIES = YES;
				CODE_SIGN_STYLE = Automatic;
				CURRENT_PROJECT_VERSION = 1;
				DEVELOPMENT_TEAM = A9V65KAR5C;
				GENERATE_INFOPLIST_FILE = YES;
				LD_RUNPATH_SEARCH_PATHS = (
					"$(inherited)",
					"@executable_path/Frameworks",
					"@loader_path/Frameworks",
				);
				MARKETING_VERSION = 1.0;
				PRODUCT_BUNDLE_IDENTIFIER = Jona.FizzBuzzUITests;
				PRODUCT_NAME = "$(TARGET_NAME)";
				SWIFT_EMIT_LOC_STRINGS = NO;
				SWIFT_VERSION = 5.0;
				TARGETED_DEVICE_FAMILY = "1,2";
				TEST_TARGET_NAME = FizzBuzz;
			};
			name = Debug;
		};
		8335B924273D66AC003804D9 /* Release */ = {
			isa = XCBuildConfiguration;
			buildSettings = {
				ALWAYS_EMBED_SWIFT_STANDARD_LIBRARIES = YES;
				CODE_SIGN_STYLE = Automatic;
				CURRENT_PROJECT_VERSION = 1;
				DEVELOPMENT_TEAM = A9V65KAR5C;
				GENERATE_INFOPLIST_FILE = YES;
				LD_RUNPATH_SEARCH_PATHS = (
					"$(inherited)",
					"@executable_path/Frameworks",
					"@loader_path/Frameworks",
				);
				MARKETING_VERSION = 1.0;
				PRODUCT_BUNDLE_IDENTIFIER = Jona.FizzBuzzUITests;
				PRODUCT_NAME = "$(TARGET_NAME)";
				SWIFT_EMIT_LOC_STRINGS = NO;
				SWIFT_VERSION = 5.0;
				TARGETED_DEVICE_FAMILY = "1,2";
				TEST_TARGET_NAME = FizzBuzz;
			};
			name = Release;
		};
/* End XCBuildConfiguration section */

/* Begin XCConfigurationList section */
		8335B8EA273D66A4003804D9 /* Build configuration list for PBXProject "FizzBuzz" */ = {
			isa = XCConfigurationList;
			buildConfigurations = (
				8335B91A273D66AC003804D9 /* Debug */,
				8335B91B273D66AC003804D9 /* Release */,
			);
			defaultConfigurationIsVisible = 0;
			defaultConfigurationName = Release;
		};
		8335B91C273D66AC003804D9 /* Build configuration list for PBXNativeTarget "FizzBuzz" */ = {
			isa = XCConfigurationList;
			buildConfigurations = (
				8335B91D273D66AC003804D9 /* Debug */,
				8335B91E273D66AC003804D9 /* Release */,
			);
			defaultConfigurationIsVisible = 0;
			defaultConfigurationName = Release;
		};
		8335B91F273D66AC003804D9 /* Build configuration list for PBXNativeTarget "FizzBuzzTests" */ = {
			isa = XCConfigurationList;
			buildConfigurations = (
				8335B920273D66AC003804D9 /* Debug */,
				8335B921273D66AC003804D9 /* Release */,
			);
			defaultConfigurationIsVisible = 0;
			defaultConfigurationName = Release;
		};
		8335B922273D66AC003804D9 /* Build configuration list for PBXNativeTarget "FizzBuzzUITests" */ = {
			isa = XCConfigurationList;
			buildConfigurations = (
				8335B923273D66AC003804D9 /* Debug */,
				8335B924273D66AC003804D9 /* Release */,
			);
			defaultConfigurationIsVisible = 0;
			defaultConfigurationName = Release;
		};
/* End XCConfigurationList section */

/* Begin XCVersionGroup section */
		8335B8FB273D66A4003804D9 /* FizzBuzz.xcdatamodeld */ = {
			isa = XCVersionGroup;
			children = (
				8335B8FC273D66A4003804D9 /* FizzBuzz.xcdatamodel */,
			);
			currentVersion = 8335B8FC273D66A4003804D9 /* FizzBuzz.xcdatamodel */;
			path = FizzBuzz.xcdatamodeld;
			sourceTree = "<group>";
			versionGroupType = wrapper.xcdatamodel;
		};
/* End XCVersionGroup section */
	};
	rootObject = 8335B8E7273D66A4003804D9 /* Project object */;
}
